
Microsoft Visual Studio Solution File, Format Version 12.00
# Visual Studio Version 17
VisualStudioVersion = 17.0.31903.59
MinimumVisualStudioVersion = 10.0.40219.1
Project("{FAE04EC0-301F-11D3-BF4B-00C04F79EFBC}") = "Interview.Exercise", "Interview.Exercise\Interview.Exercise.csproj", "{E8582ED2-5468-4E9D-9212-C6132EB2FEF6}"
EndProject
Project("{FAE04EC0-301F-11D3-BF4B-00C04F79EFBC}") = "Interview.Exercise.WordProcessor", "Interview.Exercise.WordProcessor\Interview.Exercise.WordProcessor.csproj", "{C0EFB731-67D8-4066-9EF0-F6458F337502}"
EndProject
Project("{FAE04EC0-301F-11D3-BF4B-00C04F79EFBC}") = "Interview.Exercise.Test", "Interview.Exercise.Test\Interview.Exercise.Test.csproj", "{6A5E2029-FFE7-4278-BB24-67656CA555DE}"
EndProject
Global
	GlobalSection(SolutionConfigurationPlatforms) = preSolution
		Debug|Any CPU = Debug|Any CPU
		Release|Any CPU = Release|Any CPU
	EndGlobalSection
	GlobalSection(ProjectConfigurationPlatforms) = postSolution
		{E8582ED2-5468-4E9D-9212-C6132EB2FEF6}.Debug|Any CPU.ActiveCfg = Debug|Any CPU
		{E8582ED2-5468-4E9D-9212-C6132EB2FEF6}.Debug|Any CPU.Build.0 = Debug|Any CPU
		{E8582ED2-5468-4E9D-9212-C6132EB2FEF6}.Release|Any CPU.ActiveCfg = Release|Any CPU
		{E8582ED2-5468-4E9D-9212-C6132EB2FEF6}.Release|Any CPU.Build.0 = Release|Any CPU
		{C0EFB731-67D8-4066-9EF0-F6458F337502}.Debug|Any CPU.ActiveCfg = Debug|Any CPU
		{C0EFB731-67D8-4066-9EF0-F6458F337502}.Debug|Any CPU.Build.0 = Debug|Any CPU
		{C0EFB731-67D8-4066-9EF0-F6458F337502}.Release|Any CPU.ActiveCfg = Release|Any CPU
		{C0EFB731-67D8-4066-9EF0-F6458F337502}.Release|Any CPU.Build.0 = Release|Any CPU
		{6A5E2029-FFE7-4278-BB24-67656CA555DE}.Debug|Any CPU.ActiveCfg = Debug|Any CPU
		{6A5E2029-FFE7-4278-BB24-67656CA555DE}.Debug|Any CPU.Build.0 = Debug|Any CPU
		{6A5E2029-FFE7-4278-BB24-67656CA555DE}.Release|Any CPU.ActiveCfg = Release|Any CPU
		{6A5E2029-FFE7-4278-BB24-67656CA555DE}.Release|Any CPU.Build.0 = Release|Any CPU
	EndGlobalSection
	GlobalSection(SolutionProperties) = preSolution
		HideSolutionNode = FALSE
	EndGlobalSection
	GlobalSection(ExtensibilityGlobals) = postSolution
		SolutionGuid = {14590851-AAE4-45D2-8D89-258B038A7713}
	EndGlobalSection
EndGlobal
